
Microsoft Visual Studio Solution File, Format Version 12.00
# Visual Studio Version 17
VisualStudioVersion = 17.8.34316.72
MinimumVisualStudioVersion = 10.0.40219.1
Project("{FAE04EC0-301F-11D3-BF4B-00C04F79EFBC}") = "AllSign", "AllSign.csproj", "{658F4609-1D8E-4022-918E-7809F94AB102}"
EndProject
Global
	GlobalSection(SolutionConfigurationPlatforms) = preSolution
		Debug|Any CPU = Debug|Any CPU
		Release|Any CPU = Release|Any CPU
	EndGlobalSection
	GlobalSection(ProjectConfigurationPlatforms) = postSolution
		{658F4609-1D8E-4022-918E-7809F94AB102}.Debug|Any CPU.ActiveCfg = Debug|Any CPU
		{658F4609-1D8E-4022-918E-7809F94AB102}.Debug|Any CPU.Build.0 = Debug|Any CPU
		{658F4609-1D8E-4022-918E-7809F94AB102}.Release|Any CPU.ActiveCfg = Release|Any CPU
		{658F4609-1D8E-4022-918E-7809F94AB102}.Release|Any CPU.Build.0 = Release|Any CPU
	EndGlobalSection
	GlobalSection(SolutionProperties) = preSolution
		HideSolutionNode = FALSE
	EndGlobalSection
	GlobalSection(ExtensibilityGlobals) = postSolution
		SolutionGuid = {F1AA8F72-256B-4522-96E1-FB5A53E98EB3}
	EndGlobalSection
EndGlobal
